
Microsoft Visual Studio Solution File, Format Version 12.00
# Visual Studio Version 17
VisualStudioVersion = 17.6.33829.357
MinimumVisualStudioVersion = 10.0.40219.1
Project("{FAE04EC0-301F-11D3-BF4B-00C04F79EFBC}") = "ElwaldeEquipment", "ElwaldeEquipment\ElwaldeEquipment.csproj", "{F95B8985-BA23-4C3F-902A-7AF7CBEFE405}"
EndProject
Project("{9A19103F-16F7-4668-BE54-9A1E7A4F7556}") = "StarRatings", "..\..\ElwaldeEquipment\StarRatings\StarRatings.csproj", "{83A4E844-A038-4704-AAD2-92ACB2654FDC}"
EndProject
Global
	GlobalSection(SolutionConfigurationPlatforms) = preSolution
		Debug|Any CPU = Debug|Any CPU
		Release|Any CPU = Release|Any CPU
	EndGlobalSection
	GlobalSection(ProjectConfigurationPlatforms) = postSolution
		{F95B8985-BA23-4C3F-902A-7AF7CBEFE405}.Debug|Any CPU.ActiveCfg = Debug|Any CPU
		{F95B8985-BA23-4C3F-902A-7AF7CBEFE405}.Debug|Any CPU.Build.0 = Debug|Any CPU
		{F95B8985-BA23-4C3F-902A-7AF7CBEFE405}.Release|Any CPU.ActiveCfg = Release|Any CPU
		{F95B8985-BA23-4C3F-902A-7AF7CBEFE405}.Release|Any CPU.Build.0 = Release|Any CPU
		{83A4E844-A038-4704-AAD2-92ACB2654FDC}.Debug|Any CPU.ActiveCfg = Debug|Any CPU
		{83A4E844-A038-4704-AAD2-92ACB2654FDC}.Debug|Any CPU.Build.0 = Debug|Any CPU
		{83A4E844-A038-4704-AAD2-92ACB2654FDC}.Release|Any CPU.ActiveCfg = Release|Any CPU
		{83A4E844-A038-4704-AAD2-92ACB2654FDC}.Release|Any CPU.Build.0 = Release|Any CPU
	EndGlobalSection
	GlobalSection(SolutionProperties) = preSolution
		HideSolutionNode = FALSE
	EndGlobalSection
	GlobalSection(ExtensibilityGlobals) = postSolution
		SolutionGuid = {24DA1B26-A08F-44A6-BDC9-1558469E24C6}
	EndGlobalSection
EndGlobal
